version = 1
revision = 2
requires-python = ">=3.13"

[[package]]
name = "certifi"
version = "2025.8.3"
source = { registry = "https://pypi.org/simple" }
sdist = { url = "https://files.pythonhosted.org/packages/dc/67/960ebe6bf230a96cda2e0abcf73af550ec4f090005363542f0765df162e0/certifi-2025.8.3.tar.gz", hash = "sha256:e564105f78ded564e3ae7c923924435e1daa7463faeab5bb932bc53ffae63407", size = 162386, upload-time = "2025-08-03T03:07:47.08Z" }
wheels = [
    { url = "https://files.pythonhosted.org/packages/e5/48/1549795ba7742c948d2ad169c1c8cdbae65bc450d6cd753d124b17c8cd32/certifi-2025.8.3-py3-none-any.whl", hash = "sha256:f6c12493cfb1b06ba2ff328595af9350c65d6644968e5d3a2ffd78699af217a5", size = 161216, upload-time = "2025-08-03T03:07:45.777Z" },
]

[[package]]
name = "charset-normalizer"
version = "3.4.2"
source = { registry = "https://pypi.org/simple" }
sdist = { url = "https://files.pythonhosted.org/packages/e4/33/89c2ced2b67d1c2a61c19c6751aa8902d46ce3dacb23600a283619f5a12d/charset_normalizer-3.4.2.tar.gz", hash = "sha256:5baececa9ecba31eff645232d59845c07aa030f0c81ee70184a90d35099a0e63", size = 126367, upload-time = "2025-05-02T08:34:42.01Z" }
wheels = [
    { url = "https://files.pythonhosted.org/packages/ea/12/a93df3366ed32db1d907d7593a94f1fe6293903e3e92967bebd6950ed12c/charset_normalizer-3.4.2-cp313-cp313-macosx_10_13_universal2.whl", hash = "sha256:926ca93accd5d36ccdabd803392ddc3e03e6d4cd1cf17deff3b989ab8e9dbcf0", size = 199622, upload-time = "2025-05-02T08:32:56.363Z" },
    { url = "https://files.pythonhosted.org/packages/04/93/bf204e6f344c39d9937d3c13c8cd5bbfc266472e51fc8c07cb7f64fcd2de/charset_normalizer-3.4.2-cp313-cp313-manylinux_2_17_aarch64.manylinux2014_aarch64.whl", hash = "sha256:eba9904b0f38a143592d9fc0e19e2df0fa2e41c3c3745554761c5f6447eedabf", size = 143435, upload-time = "2025-05-02T08:32:58.551Z" },
    { url = "https://files.pythonhosted.org/packages/22/2a/ea8a2095b0bafa6c5b5a55ffdc2f924455233ee7b91c69b7edfcc9e02284/charset_normalizer-3.4.2-cp313-cp313-manylinux_2_17_ppc64le.manylinux2014_ppc64le.whl", hash = "sha256:3fddb7e2c84ac87ac3a947cb4e66d143ca5863ef48e4a5ecb83bd48619e4634e", size = 153653, upload-time = "2025-05-02T08:33:00.342Z" },
    { url = "https://files.pythonhosted.org/packages/b6/57/1b090ff183d13cef485dfbe272e2fe57622a76694061353c59da52c9a659/charset_normalizer-3.4.2-cp313-cp313-manylinux_2_17_s390x.manylinux2014_s390x.whl", hash = "sha256:98f862da73774290f251b9df8d11161b6cf25b599a66baf087c1ffe340e9bfd1", size = 146231, upload-time = "2025-05-02T08:33:02.081Z" },
    { url = "https://files.pythonhosted.org/packages/e2/28/ffc026b26f441fc67bd21ab7f03b313ab3fe46714a14b516f931abe1a2d8/charset_normalizer-3.4.2-cp313-cp313-manylinux_2_17_x86_64.manylinux2014_x86_64.whl", hash = "sha256:6c9379d65defcab82d07b2a9dfbfc2e95bc8fe0ebb1b176a3190230a3ef0e07c", size = 148243, upload-time = "2025-05-02T08:33:04.063Z" },
    { url = "https://files.pythonhosted.org/packages/c0/0f/9abe9bd191629c33e69e47c6ef45ef99773320e9ad8e9cb08b8ab4a8d4cb/charset_normalizer-3.4.2-cp313-cp313-manylinux_2_5_i686.manylinux1_i686.manylinux_2_17_i686.manylinux2014_i686.whl", hash = "sha256:e635b87f01ebc977342e2697d05b56632f5f879a4f15955dfe8cef2448b51691", size = 150442, upload-time = "2025-05-02T08:33:06.418Z" },
    { url = "https://files.pythonhosted.org/packages/67/7c/a123bbcedca91d5916c056407f89a7f5e8fdfce12ba825d7d6b9954a1a3c/charset_normalizer-3.4.2-cp313-cp313-musllinux_1_2_aarch64.whl", hash = "sha256:1c95a1e2902a8b722868587c0e1184ad5c55631de5afc0eb96bc4b0d738092c0", size = 145147, upload-time = "2025-05-02T08:33:08.183Z" },
    { url = "https://files.pythonhosted.org/packages/ec/fe/1ac556fa4899d967b83e9893788e86b6af4d83e4726511eaaad035e36595/charset_normalizer-3.4.2-cp313-cp313-musllinux_1_2_i686.whl", hash = "sha256:ef8de666d6179b009dce7bcb2ad4c4a779f113f12caf8dc77f0162c29d20490b", size = 153057, upload-time = "2025-05-02T08:33:09.986Z" },
    { url = "https://files.pythonhosted.org/packages/2b/ff/acfc0b0a70b19e3e54febdd5301a98b72fa07635e56f24f60502e954c461/charset_normalizer-3.4.2-cp313-cp313-musllinux_1_2_ppc64le.whl", hash = "sha256:32fc0341d72e0f73f80acb0a2c94216bd704f4f0bce10aedea38f30502b271ff", size = 156454, upload-time = "2025-05-02T08:33:11.814Z" },
    { url = "https://files.pythonhosted.org/packages/92/08/95b458ce9c740d0645feb0e96cea1f5ec946ea9c580a94adfe0b617f3573/charset_normalizer-3.4.2-cp313-cp313-musllinux_1_2_s390x.whl", hash = "sha256:289200a18fa698949d2b39c671c2cc7a24d44096784e76614899a7ccf2574b7b", size = 154174, upload-time = "2025-05-02T08:33:13.707Z" },
    { url = "https://files.pythonhosted.org/packages/78/be/8392efc43487ac051eee6c36d5fbd63032d78f7728cb37aebcc98191f1ff/charset_normalizer-3.4.2-cp313-cp313-musllinux_1_2_x86_64.whl", hash = "sha256:4a476b06fbcf359ad25d34a057b7219281286ae2477cc5ff5e3f70a246971148", size = 149166, upload-time = "2025-05-02T08:33:15.458Z" },
    { url = "https://files.pythonhosted.org/packages/44/96/392abd49b094d30b91d9fbda6a69519e95802250b777841cf3bda8fe136c/charset_normalizer-3.4.2-cp313-cp313-win32.whl", hash = "sha256:aaeeb6a479c7667fbe1099af9617c83aaca22182d6cf8c53966491a0f1b7ffb7", size = 98064, upload-time = "2025-05-02T08:33:17.06Z" },
    { url = "https://files.pythonhosted.org/packages/e9/b0/0200da600134e001d91851ddc797809e2fe0ea72de90e09bec5a2fbdaccb/charset_normalizer-3.4.2-cp313-cp313-win_amd64.whl", hash = "sha256:aa6af9e7d59f9c12b33ae4e9450619cf2488e2bbe9b44030905877f0b2324980", size = 105641, upload-time = "2025-05-02T08:33:18.753Z" },
    { url = "https://files.pythonhosted.org/packages/20/94/c5790835a017658cbfabd07f3bfb549140c3ac458cfc196323996b10095a/charset_normalizer-3.4.2-py3-none-any.whl", hash = "sha256:7f56930ab0abd1c45cd15be65cc741c28b1c9a34876ce8c17a2fa107810c0af0", size = 52626, upload-time = "2025-05-02T08:34:40.053Z" },
]

[[package]]
name = "colorama"
version = "0.4.6"
source = { registry = "https://pypi.org/simple" }
sdist = { url = "https://files.pythonhosted.org/packages/d8/53/6f443c9a4a8358a93a6792e2acffb9d9d5cb0a5cfd8802644b7b1c9a02e4/colorama-0.4.6.tar.gz", hash = "sha256:08695f5cb7ed6e0531a20572697297273c47b8cae5a63ffc6d6ed5c201be6e44", size = 27697, upload-time = "2022-10-25T02:36:22.414Z" }
wheels = [
    { url = "https://files.pythonhosted.org/packages/d1/d6/3965ed04c63042e047cb6a3e6ed1a63a35087b6a609aa3a15ed8ac56c221/colorama-0.4.6-py2.py3-none-any.whl", hash = "sha256:4f1d9991f5acc0ca119f9d443620b77f9d6b33703e51011c16baf57afb285fc6", size = 25335, upload-time = "2022-10-25T02:36:20.889Z" },
]

[[package]]
name = "filelock"
version = "3.18.0"
source = { registry = "https://pypi.org/simple" }
sdist = { url = "https://files.pythonhosted.org/packages/0a/10/c23352565a6544bdc5353e0b15fc1c563352101f30e24bf500207a54df9a/filelock-3.18.0.tar.gz", hash = "sha256:adbc88eabb99d2fec8c9c1b229b171f18afa655400173ddc653d5d01501fb9f2", size = 18075, upload-time = "2025-03-14T07:11:40.47Z" }
wheels = [
    { url = "https://files.pythonhosted.org/packages/4d/36/2a115987e2d8c300a974597416d9de88f2444426de9571f4b59b2cca3acc/filelock-3.18.0-py3-none-any.whl", hash = "sha256:c401f4f8377c4464e6db25fff06205fd89bdd83b65eb0488ed1b160f780e21de", size = 16215, upload-time = "2025-03-14T07:11:39.145Z" },
]

[[package]]
name = "fsspec"
version = "2025.7.0"
source = { registry = "https://pypi.org/simple" }
sdist = { url = "https://files.pythonhosted.org/packages/8b/02/0835e6ab9cfc03916fe3f78c0956cfcdb6ff2669ffa6651065d5ebf7fc98/fsspec-2025.7.0.tar.gz", hash = "sha256:786120687ffa54b8283d942929540d8bc5ccfa820deb555a2b5d0ed2b737bf58", size = 304432, upload-time = "2025-07-15T16:05:21.19Z" }
wheels = [
    { url = "https://files.pythonhosted.org/packages/2f/e0/014d5d9d7a4564cf1c40b5039bc882db69fd881111e03ab3657ac0b218e2/fsspec-2025.7.0-py3-none-any.whl", hash = "sha256:8b012e39f63c7d5f10474de957f3ab793b47b45ae7d39f2fb735f8bbe25c0e21", size = 199597, upload-time = "2025-07-15T16:05:19.529Z" },
]

[[package]]
name = "hf-xet"
version = "1.1.7"
source = { registry = "https://pypi.org/simple" }
sdist = { url = "https://files.pythonhosted.org/packages/b2/0a/a0f56735940fde6dd627602fec9ab3bad23f66a272397560abd65aba416e/hf_xet-1.1.7.tar.gz", hash = "sha256:20cec8db4561338824a3b5f8c19774055b04a8df7fff0cb1ff2cb1a0c1607b80", size = 477719, upload-time = "2025-08-06T00:30:55.741Z" }
wheels = [
    { url = "https://files.pythonhosted.org/packages/b1/7c/8d7803995caf14e7d19a392a486a040f923e2cfeff824e9b800b92072f76/hf_xet-1.1.7-cp37-abi3-macosx_10_12_x86_64.whl", hash = "sha256:60dae4b44d520819e54e216a2505685248ec0adbdb2dd4848b17aa85a0375cde", size = 2761743, upload-time = "2025-08-06T00:30:50.634Z" },
    { url = "https://files.pythonhosted.org/packages/51/a3/fa5897099454aa287022a34a30e68dbff0e617760f774f8bd1db17f06bd4/hf_xet-1.1.7-cp37-abi3-macosx_11_0_arm64.whl", hash = "sha256:b109f4c11e01c057fc82004c9e51e6cdfe2cb230637644ade40c599739067b2e", size = 2624331, upload-time = "2025-08-06T00:30:49.212Z" },
    { url = "https://files.pythonhosted.org/packages/86/50/2446a132267e60b8a48b2e5835d6e24fd988000d0f5b9b15ebd6d64ef769/hf_xet-1.1.7-cp37-abi3-manylinux_2_17_x86_64.manylinux2014_x86_64.whl", hash = "sha256:6efaaf1a5a9fc3a501d3e71e88a6bfebc69ee3a716d0e713a931c8b8d920038f", size = 3183844, upload-time = "2025-08-06T00:30:47.582Z" },
    { url = "https://files.pythonhosted.org/packages/20/8f/ccc670616bb9beee867c6bb7139f7eab2b1370fe426503c25f5cbb27b148/hf_xet-1.1.7-cp37-abi3-manylinux_2_28_aarch64.whl", hash = "sha256:751571540f9c1fbad9afcf222a5fb96daf2384bf821317b8bfb0c59d86078513", size = 3074209, upload-time = "2025-08-06T00:30:45.509Z" },
    { url = "https://files.pythonhosted.org/packages/21/0a/4c30e1eb77205565b854f5e4a82cf1f056214e4dc87f2918ebf83d47ae14/hf_xet-1.1.7-cp37-abi3-musllinux_1_2_aarch64.whl", hash = "sha256:18b61bbae92d56ae731b92087c44efcac216071182c603fc535f8e29ec4b09b8", size = 3239602, upload-time = "2025-08-06T00:30:52.41Z" },
    { url = "https://files.pythonhosted.org/packages/f5/1e/fc7e9baf14152662ef0b35fa52a6e889f770a7ed14ac239de3c829ecb47e/hf_xet-1.1.7-cp37-abi3-musllinux_1_2_x86_64.whl", hash = "sha256:713f2bff61b252f8523739969f247aa354ad8e6d869b8281e174e2ea1bb8d604", size = 3348184, upload-time = "2025-08-06T00:30:54.105Z" },
    { url = "https://files.pythonhosted.org/packages/a3/73/e354eae84ceff117ec3560141224724794828927fcc013c5b449bf0b8745/hf_xet-1.1.7-cp37-abi3-win_amd64.whl", hash = "sha256:2e356da7d284479ae0f1dea3cf5a2f74fdf925d6dca84ac4341930d892c7cb34", size = 2820008, upload-time = "2025-08-06T00:30:57.056Z" },
]

[[package]]
name = "huggingface-hub"
version = "0.34.3"
source = { registry = "https://pypi.org/simple" }
dependencies = [
    { name = "filelock" },
    { name = "fsspec" },
    { name = "hf-xet", marker = "platform_machine == 'aarch64' or platform_machine == 'amd64' or platform_machine == 'arm64' or platform_machine == 'x86_64'" },
    { name = "packaging" },
    { name = "pyyaml" },
    { name = "requests" },
    { name = "tqdm" },
    { name = "typing-extensions" },
]
sdist = { url = "https://files.pythonhosted.org/packages/91/b4/e6b465eca5386b52cf23cb6df8644ad318a6b0e12b4b96a7e0be09cbfbcc/huggingface_hub-0.34.3.tar.gz", hash = "sha256:d58130fd5aa7408480681475491c0abd7e835442082fbc3ef4d45b6c39f83853", size = 456800, upload-time = "2025-07-29T08:38:53.885Z" }
wheels = [
    { url = "https://files.pythonhosted.org/packages/59/a8/4677014e771ed1591a87b63a2392ce6923baf807193deef302dcfde17542/huggingface_hub-0.34.3-py3-none-any.whl", hash = "sha256:5444550099e2d86e68b2898b09e85878fbd788fc2957b506c6a79ce060e39492", size = 558847, upload-time = "2025-07-29T08:38:51.904Z" },
]

[[package]]
name = "idna"
version = "3.10"
source = { registry = "https://pypi.org/simple" }
sdist = { url = "https://files.pythonhosted.org/packages/f1/70/7703c29685631f5a7590aa73f1f1d3fa9a380e654b86af429e0934a32f7d/idna-3.10.tar.gz", hash = "sha256:12f65c9b470abda6dc35cf8e63cc574b1c52b11df2c86030af0ac09b01b13ea9", size = 190490, upload-time = "2024-09-15T18:07:39.745Z" }
wheels = [
    { url = "https://files.pythonhosted.org/packages/76/c6/c88e154df9c4e1a2a66ccf0005a88dfb2650c1dffb6f5ce603dfbd452ce3/idna-3.10-py3-none-any.whl", hash = "sha256:946d195a0d259cbba61165e88e65941f16e9b36ea6ddb97f00452bae8b1287d3", size = 70442, upload-time = "2024-09-15T18:07:37.964Z" },
]

[[package]]
name = "obstore"
version = "0.7.3"
source = { registry = "https://pypi.org/simple" }
wheels = [
    { url = "https://files.pythonhosted.org/packages/2a/ef/491cf28be51301aa9695d8448c4e6489956c162564dbdf4f21836696e294/obstore-0.7.3-cp313-cp313-macosx_10_12_x86_64.whl", hash = "sha256:dcb71412dc8d2bd464b340d1f36d8c0ceb7894c01c2ceaaa5f2ac45376503fa2", size = 3676519, upload-time = "2025-08-01T22:37:40.194Z" },
    { url = "https://files.pythonhosted.org/packages/f0/12/41c51cca59784d2b6c60a99a2a010f8e73a089416d288db12d91cbcdbd02/obstore-0.7.3-cp313-cp313-macosx_11_0_arm64.whl", hash = "sha256:6d486bb01438039d686401ce4207d82c02b8b639227baa5bdd578efdab388dea", size = 3387665, upload-time = "2025-08-01T22:37:41.431Z" },
    { url = "https://files.pythonhosted.org/packages/cb/27/9aac5a70c6d4a496a837748bc9368e7825dc58761711d5f65cc8bc9d3765/obstore-0.7.3-cp313-cp313-manylinux_2_17_armv7l.manylinux2014_armv7l.whl", hash = "sha256:fcaaf0c9223b5592658c131ff32a0574be995c7e237f406266f9a68ea2266769", size = 3558354, upload-time = "2025-08-01T22:37:42.678Z" },
    { url = "https://files.pythonhosted.org/packages/f2/04/70e6cf1931d56db2f86a359ea171aa403146c04faf20aeb025eeabe254dd/obstore-0.7.3-cp313-cp313-manylinux_2_17_i686.manylinux2014_i686.whl", hash = "sha256:e8ae6cde734df3cc542c14152029170d9ae70ce50b957831ed71073113bd3d60", size = 3706831, upload-time = "2025-08-01T22:37:44.415Z" },
    { url = "https://files.pythonhosted.org/packages/e9/a9/758920c8c7256f0cd366a3b0063247a197d9a1e2e189e2309400022787c5/obstore-0.7.3-cp313-cp313-manylinux_2_17_ppc64le.manylinux2014_ppc64le.whl", hash = "sha256:30da82ae3bfdf24fa80af38967e323ae8da0bb7c36cce01f0dda7689faaf1272", size = 3973250, upload-time = "2025-08-01T22:37:45.631Z" },
    { url = "https://files.pythonhosted.org/packages/59/f8/5a6a831d7328a4351caab13ba7faf47cb1bdcb5afba2e46535386ccf1170/obstore-0.7.3-cp313-cp313-manylinux_2_17_s390x.manylinux2014_s390x.whl", hash = "sha256:b5daa9f912eac8cdf218161d34e13f38cbb594e934eaaf8a7c09dca5a394b231", size = 4030160, upload-time = "2025-08-01T22:37:47.208Z" },
    { url = "https://files.pythonhosted.org/packages/67/7d/698e4851049999b4a8ff9622ece0cba86e64c4242fa981e21f9832bdd378/obstore-0.7.3-cp313-cp313-manylinux_2_17_x86_64.manylinux2014_x86_64.whl", hash = "sha256:1ef06cad4e8978d672357b328b4f61c48827b2b79d7eaf58b68ee31ac0e652b8", size = 3805594, upload-time = "2025-08-01T22:37:48.699Z" },
    { url = "https://files.pythonhosted.org/packages/b4/a6/4a9290cac8aaa16a7ce9aec6e8a001ed0d0ed42d1e49570c6770d31f693c/obstore-0.7.3-cp313-cp313-manylinux_2_24_aarch64.whl", hash = "sha256:d34920539a94da2b87195787b80004960638dfd0aa2f4369fc9239e0a41470a8", size = 3575482, upload-time = "2025-08-01T22:37:50.216Z" },
    { url = "https://files.pythonhosted.org/packages/e6/c9/87f7c88daf07a52b5d86a9de0664574ee0dea2f5e6cd26a91ad4688b53fb/obstore-0.7.3-cp313-cp313-musllinux_1_2_aarch64.whl", hash = "sha256:6dfcdaa779f376745ff493cce7f19cbbe8d75f68304bf1062e757ab60bd62de1", size = 3739411, upload-time = "2025-08-01T22:37:51.483Z" },
    { url = "https://files.pythonhosted.org/packages/69/58/1163bcb48e80e220ef6010130880d24a75239025fde1092356ce71b6efee/obstore-0.7.3-cp313-cp313-musllinux_1_2_armv7l.whl", hash = "sha256:ae095f679e4796b8f6ef80ed3813ddd14a477ae219a0c059c23cf294f9288ded", size = 3783914, upload-time = "2025-08-01T22:37:52.857Z" },
    { url = "https://files.pythonhosted.org/packages/75/a2/f5b68265a6ea248adbd4e2f9db2dae7d727ab6ac53a63dfebcf28f1aacea/obstore-0.7.3-cp313-cp313-musllinux_1_2_i686.whl", hash = "sha256:6def59e79c19b8804743fec6407f542b387dc1630c2254412ae8bd3a0b98e7e4", size = 3787905, upload-time = "2025-08-01T22:37:54.414Z" },
    { url = "https://files.pythonhosted.org/packages/8b/2c/23b671c7eaf37097fe9c3c2cc925c466135d4866e2009444daf91f180fed/obstore-0.7.3-cp313-cp313-musllinux_1_2_x86_64.whl", hash = "sha256:f97797c42476ab19853ef4a161b903eaf96c2363a23b9e0187d66b0daee350cb", size = 3976888, upload-time = "2025-08-01T22:37:55.681Z" },
    { url = "https://files.pythonhosted.org/packages/42/10/5f352e6dd1388f5c8931261357e111a6923121d937a1ebad09f4cf391418/obstore-0.7.3-cp313-cp313-win_amd64.whl", hash = "sha256:8f0ecc01b1444bc08ff98e368b80ea2c085a7783621075298e86d3aba96f8e27", size = 4050018, upload-time = "2025-08-01T22:37:57.285Z" },
]

[[package]]
name = "orjson"
version = "3.11.1"
source = { registry = "https://pypi.org/simple" }
sdist = { url = "https://files.pythonhosted.org/packages/19/3b/fd9ff8ff64ae3900f11554d5cfc835fb73e501e043c420ad32ec574fe27f/orjson-3.11.1.tar.gz", hash = "sha256:48d82770a5fd88778063604c566f9c7c71820270c9cc9338d25147cbf34afd96", size = 5393373, upload-time = "2025-07-25T14:33:52.898Z" }
wheels = [
    { url = "https://files.pythonhosted.org/packages/c9/e9/880ef869e6f66279ce3a381a32afa0f34e29a94250146911eee029e56efc/orjson-3.11.1-cp313-cp313-macosx_10_15_x86_64.macosx_11_0_arm64.macosx_10_15_universal2.whl", hash = "sha256:53cfefe4af059e65aabe9683f76b9c88bf34b4341a77d329227c2424e0e59b0e", size = 240835, upload-time = "2025-07-25T14:32:54.507Z" },
    { url = "https://files.pythonhosted.org/packages/f0/1f/52039ef3d03eeea21763b46bc99ebe11d9de8510c72b7b5569433084a17e/orjson-3.11.1-cp313-cp313-macosx_15_0_arm64.whl", hash = "sha256:93d5abed5a6f9e1b6f9b5bf6ed4423c11932b5447c2f7281d3b64e0f26c6d064", size = 129226, upload-time = "2025-07-25T14:32:55.908Z" },
    { url = "https://files.pythonhosted.org/packages/ee/da/59fdffc9465a760be2cd3764ef9cd5535eec8f095419f972fddb123b6d0e/orjson-3.11.1-cp313-cp313-manylinux_2_17_aarch64.manylinux2014_aarch64.whl", hash = "sha256:5dbf06642f3db2966df504944cdd0eb68ca2717f0353bb20b20acd78109374a6", size = 132261, upload-time = "2025-07-25T14:32:57.538Z" },
    { url = "https://files.pythonhosted.org/packages/bb/5c/8610911c7e969db7cf928c8baac4b2f1e68d314bc3057acf5ca64f758435/orjson-3.11.1-cp313-cp313-manylinux_2_17_armv7l.manylinux2014_armv7l.whl", hash = "sha256:dddf4e78747fa7f2188273f84562017a3c4f0824485b78372513c1681ea7a894", size = 128614, upload-time = "2025-07-25T14:32:58.808Z" },
    { url = "https://files.pythonhosted.org/packages/f7/a1/a1db9d4310d014c90f3b7e9b72c6fb162cba82c5f46d0b345669eaebdd3a/orjson-3.11.1-cp313-cp313-manylinux_2_17_i686.manylinux2014_i686.whl", hash = "sha256:fa3fe8653c9f57f0e16f008e43626485b6723b84b2f741f54d1258095b655912", size = 130968, upload-time = "2025-07-25T14:33:00.038Z" },
    { url = "https://files.pythonhosted.org/packages/56/ff/11acd1fd7c38ea7a1b5d6bf582ae3da05931bee64620995eb08fd63c77fe/orjson-3.11.1-cp313-cp313-manylinux_2_17_ppc64le.manylinux2014_ppc64le.whl", hash = "sha256:6334d2382aff975a61f6f4d1c3daf39368b887c7de08f7c16c58f485dcf7adb2", size = 132439, upload-time = "2025-07-25T14:33:01.354Z" },
    { url = "https://files.pythonhosted.org/packages/70/f9/bb564dd9450bf8725e034a8ad7f4ae9d4710a34caf63b85ce1c0c6d40af0/orjson-3.11.1-cp313-cp313-manylinux_2_17_s390x.manylinux2014_s390x.whl", hash = "sha256:a3d0855b643f259ee0cb76fe3df4c04483354409a520a902b067c674842eb6b8", size = 135299, upload-time = "2025-07-25T14:33:03.079Z" },
    { url = "https://files.pythonhosted.org/packages/94/bb/c8eafe6051405e241dda3691db4d9132d3c3462d1d10a17f50837dd130b4/orjson-3.11.1-cp313-cp313-manylinux_2_17_x86_64.manylinux2014_x86_64.whl", hash = "sha256:0eacdfeefd0a79987926476eb16e0245546bedeb8febbbbcf4b653e79257a8e4", size = 131004, upload-time = "2025-07-25T14:33:04.416Z" },
    { url = "https://files.pythonhosted.org/packages/a2/40/bed8d7dcf1bd2df8813bf010a25f645863a2f75e8e0ebdb2b55784cf1a62/orjson-3.11.1-cp313-cp313-musllinux_1_2_aarch64.whl", hash = "sha256:0ed07faf9e4873518c60480325dcbc16d17c59a165532cccfb409b4cdbaeff24", size = 130583, upload-time = "2025-07-25T14:33:05.768Z" },
    { url = "https://files.pythonhosted.org/packages/57/e7/cfa2eb803ad52d74fbb5424a429b5be164e51d23f1d853e5e037173a5c48/orjson-3.11.1-cp313-cp313-musllinux_1_2_armv7l.whl", hash = "sha256:d6d308dd578ae3658f62bb9eba54801533225823cd3248c902be1ebc79b5e014", size = 404218, upload-time = "2025-07-25T14:33:07.117Z" },
    { url = "https://files.pythonhosted.org/packages/d5/21/bc703af5bc6e9c7e18dcf4404dcc4ec305ab9bb6c82d3aee5952c0c56abf/orjson-3.11.1-cp313-cp313-musllinux_1_2_i686.whl", hash = "sha256:c4aa13ca959ba6b15c0a98d3d204b850f9dc36c08c9ce422ffb024eb30d6e058", size = 146605, upload-time = "2025-07-25T14:33:08.55Z" },
    { url = "https://files.pythonhosted.org/packages/8f/fe/d26a0150534c4965a06f556aa68bf3c3b82999d5d7b0facd3af7b390c4af/orjson-3.11.1-cp313-cp313-musllinux_1_2_x86_64.whl", hash = "sha256:be3d0653322abc9b68e5bcdaee6cfd58fcbe9973740ab222b87f4d687232ab1f", size = 135434, upload-time = "2025-07-25T14:33:09.967Z" },
    { url = "https://files.pythonhosted.org/packages/89/b6/1cb28365f08cbcffc464f8512320c6eb6db6a653f03d66de47ea3c19385f/orjson-3.11.1-cp313-cp313-win32.whl", hash = "sha256:4dd34e7e2518de8d7834268846f8cab7204364f427c56fb2251e098da86f5092", size = 136596, upload-time = "2025-07-25T14:33:11.333Z" },
    { url = "https://files.pythonhosted.org/packages/f9/35/7870d0d3ed843652676d84d8a6038791113eacc85237b673b925802826b8/orjson-3.11.1-cp313-cp313-win_amd64.whl", hash = "sha256:d6895d32032b6362540e6d0694b19130bb4f2ad04694002dce7d8af588ca5f77", size = 131319, upload-time = "2025-07-25T14:33:12.614Z" },
    { url = "https://files.pythonhosted.org/packages/b7/3e/5bcd50fd865eb664d4edfdaaaff51e333593ceb5695a22c0d0a0d2b187ba/orjson-3.11.1-cp313-cp313-win_arm64.whl", hash = "sha256:bb7c36d5d3570fcbb01d24fa447a21a7fe5a41141fd88e78f7994053cc4e28f4", size = 126613, upload-time = "2025-07-25T14:33:13.927Z" },
    { url = "https://files.pythonhosted.org/packages/61/d8/0a5cd31ed100b4e569e143cb0cddefc21f0bcb8ce284f44bca0bb0e10f3d/orjson-3.11.1-cp314-cp314-macosx_10_15_x86_64.macosx_11_0_arm64.macosx_10_15_universal2.whl", hash = "sha256:7b71ef394327b3d0b39f6ea7ade2ecda2731a56c6a7cbf0d6a7301203b92a89b", size = 240819, upload-time = "2025-07-25T14:33:15.223Z" },
    { url = "https://files.pythonhosted.org/packages/b9/95/7eb2c76c92192ceca16bc81845ff100bbb93f568b4b94d914b6a4da47d61/orjson-3.11.1-cp314-cp314-macosx_15_0_arm64.whl", hash = "sha256:77c0fe28ed659b62273995244ae2aa430e432c71f86e4573ab16caa2f2e3ca5e", size = 129218, upload-time = "2025-07-25T14:33:16.637Z" },
    { url = "https://files.pythonhosted.org/packages/da/84/e6b67f301b18adbbc346882f456bea44daebbd032ba725dbd7b741e3a7f1/orjson-3.11.1-cp314-cp314-manylinux_2_34_aarch64.whl", hash = "sha256:1495692f1f1ba2467df429343388a0ed259382835922e124c0cfdd56b3d1f727", size = 132238, upload-time = "2025-07-25T14:33:17.934Z" },
    { url = "https://files.pythonhosted.org/packages/84/78/a45a86e29d9b2f391f9d00b22da51bc4b46b86b788fd42df2c5fcf3e8005/orjson-3.11.1-cp314-cp314-manylinux_2_34_x86_64.whl", hash = "sha256:08c6a762fca63ca4dc04f66c48ea5d2428db55839fec996890e1bfaf057b658c", size = 130998, upload-time = "2025-07-25T14:33:19.282Z" },
    { url = "https://files.pythonhosted.org/packages/ea/8f/6eb3ee6760d93b2ce996a8529164ee1f5bafbdf64b74c7314b68db622b32/orjson-3.11.1-cp314-cp314-musllinux_1_2_aarch64.whl", hash = "sha256:9e26794fe3976810b2c01fda29bd9ac7c91a3c1284b29cc9a383989f7b614037", size = 130559, upload-time = "2025-07-25T14:33:20.589Z" },
    { url = "https://files.pythonhosted.org/packages/1b/78/9572ae94bdba6813917c9387e7834224c011ea6b4530ade07d718fd31598/orjson-3.11.1-cp314-cp314-musllinux_1_2_armv7l.whl", hash = "sha256:4b4b4f8f0b1d3ef8dc73e55363a0ffe012a42f4e2f1a140bf559698dca39b3fa", size = 404231, upload-time = "2025-07-25T14:33:22.019Z" },
    { url = "https://files.pythonhosted.org/packages/1f/a3/68381ad0757e084927c5ee6cfdeab1c6c89405949ee493db557e60871c4c/orjson-3.11.1-cp314-cp314-musllinux_1_2_i686.whl", hash = "sha256:848be553ea35aa89bfefbed2e27c8a41244c862956ab8ba00dc0b27e84fd58de", size = 146658, upload-time = "2025-07-25T14:33:23.675Z" },
    { url = "https://files.pythonhosted.org/packages/00/db/fac56acf77aab778296c3f541a3eec643266f28ecd71d6c0cba251e47655/orjson-3.11.1-cp314-cp314-musllinux_1_2_x86_64.whl", hash = "sha256:c964c29711a4b1df52f8d9966f015402a6cf87753a406c1c4405c407dd66fd45", size = 135443, upload-time = "2025-07-25T14:33:25.04Z" },
    { url = "https://files.pythonhosted.org/packages/76/b1/326fa4b87426197ead61c1eec2eeb3babc9eb33b480ac1f93894e40c8c08/orjson-3.11.1-cp314-cp314-win32.whl", hash = "sha256:33aada2e6b6bc9c540d396528b91e666cedb383740fee6e6a917f561b390ecb1", size = 136643, upload-time = "2025-07-25T14:33:26.449Z" },
    { url = "https://files.pythonhosted.org/packages/0f/8e/2987ae2109f3bfd39680f8a187d1bc09ad7f8fb019dcdc719b08c7242ade/orjson-3.11.1-cp314-cp314-win_amd64.whl", hash = "sha256:68e10fd804e44e36188b9952543e3fa22f5aa8394da1b5283ca2b423735c06e8", size = 131324, upload-time = "2025-07-25T14:33:27.896Z" },
    { url = "https://files.pythonhosted.org/packages/21/5f/253e08e6974752b124fbf3a4de3ad53baa766b0cb4a333d47706d307e396/orjson-3.11.1-cp314-cp314-win_arm64.whl", hash = "sha256:f3cf6c07f8b32127d836be8e1c55d4f34843f7df346536da768e9f73f22078a1", size = 126605, upload-time = "2025-07-25T14:33:29.244Z" },
]

[[package]]
name = "packaging"
version = "25.0"
source = { registry = "https://pypi.org/simple" }
sdist = { url = "https://files.pythonhosted.org/packages/a1/d4/1fc4078c65507b51b96ca8f8c3ba19e6a61c8253c72794544580a7b6c24d/packaging-25.0.tar.gz", hash = "sha256:d443872c98d677bf60f6a1f2f8c1cb748e8fe762d2bf9d3148b5599295b0fc4f", size = 165727, upload-time = "2025-04-19T11:48:59.673Z" }
wheels = [
    { url = "https://files.pythonhosted.org/packages/20/12/38679034af332785aac8774540895e234f4d07f7545804097de4b666afd8/packaging-25.0-py3-none-any.whl", hash = "sha256:29572ef2b1f17581046b3a2227d5c611fb25ec70ca1ba8554b24b0e69331a484", size = 66469, upload-time = "2025-04-19T11:48:57.875Z" },
]

[[package]]
name = "polars"
version = "1.32.0"
source = { registry = "https://pypi.org/simple" }
sdist = { url = "https://files.pythonhosted.org/packages/67/23/6a5f151981f3ac409bed6dc48a3eaecd0592a03eb382693d4c7e749eda8b/polars-1.32.0.tar.gz", hash = "sha256:b01045981c0f23eeccfbfc870b782f93e73b74b29212fdfc8aae0be9024bc1fb", size = 4761045, upload-time = "2025-08-01T01:43:22.413Z" }
wheels = [
    { url = "https://files.pythonhosted.org/packages/e2/40/5b27067d10b5a77ab4094932118e16629ffb20ea9ae5f7d1178e04087891/polars-1.32.0-cp39-abi3-macosx_10_12_x86_64.whl", hash = "sha256:94f7c6a3b30bc99bc6b682ea42bb1ae983e33a302ca21aacbac50ae19e34fcf2", size = 37479518, upload-time = "2025-08-01T01:42:18.603Z" },
    { url = "https://files.pythonhosted.org/packages/08/b7/ca28ac10d340fb91bffb2751efd52aebc9799ae161b867214c6299c8f75b/polars-1.32.0-cp39-abi3-macosx_11_0_arm64.whl", hash = "sha256:8bf14c16164839e62c741a863942a94a9a463db21e797452fca996c8afaf8827", size = 34214196, upload-time = "2025-08-01T01:42:22.667Z" },
    { url = "https://files.pythonhosted.org/packages/61/97/fe3797e8e1d4f9eadab32ffe218a841b8874585b6c9bd0f1a26469fb2992/polars-1.32.0-cp39-abi3-manylinux_2_17_x86_64.manylinux2014_x86_64.whl", hash = "sha256:f4c15adb97d44766d30c759f5cebbdb64d361e8349ef10b5afc7413f71bf4b72", size = 37985353, upload-time = "2025-08-01T01:42:26.033Z" },
    { url = "https://files.pythonhosted.org/packages/a0/7e/2baa2858556e970cc6a35c0d8ad34b2f9d982f1766c0a1fec20ca529a947/polars-1.32.0-cp39-abi3-manylinux_2_24_aarch64.whl", hash = "sha256:13af55890734f89b76016a395fb2e7460e7d9feecf50ed2f55cf0f05a1c0c991", size = 35183912, upload-time = "2025-08-01T01:42:30.446Z" },
    { url = "https://files.pythonhosted.org/packages/ef/41/0e6821dccc5871186a9b95af3990404aa283318263918d33ac974b35cb37/polars-1.32.0-cp39-abi3-win_amd64.whl", hash = "sha256:0397fc2501a5d5f1bb3fe8d27e0c26c7a5349b4110157c0fb7833cd3f5921c9e", size = 37747905, upload-time = "2025-08-01T01:42:33.975Z" },
    { url = "https://files.pythonhosted.org/packages/c2/93/d06df0817da93f922a67e27e9e0f407856991374daa62687e2a45a18935c/polars-1.32.0-cp39-abi3-win_arm64.whl", hash = "sha256:dd84e24422509e1ec9be46f67f758d0bd9944d1ae4eacecee4f53adaa8ecd822", size = 33978543, upload-time = "2025-08-01T01:42:36.779Z" },
]

[[package]]
name = "polars-permute"
version = "0.1.3"
source = { registry = "https://pypi.org/simple" }
sdist = { url = "https://files.pythonhosted.org/packages/6f/a9/a26aecf70d87af043869cfe694242bc0f854d1ea5fcee072ec1592e39602/polars_permute-0.1.3.tar.gz", hash = "sha256:cc4947b438f2569e92b2d3c460c6d6ab56a1758927011c7aa1ca48136fab41ad", size = 6016, upload-time = "2025-04-23T12:50:42.138Z" }
wheels = [
    { url = "https://files.pythonhosted.org/packages/68/09/33123e7119a8f969a129ac330209f9b9a448ab6309efd9f291d0806b6082/polars_permute-0.1.3-py3-none-any.whl", hash = "sha256:8d49431474d710354a9443e6b3e18ed2101c55c1fc40c1ab793c86bf518154f5", size = 4876, upload-time = "2025-04-23T12:50:40.771Z" },
]

[[package]]
name = "pyyaml"
version = "6.0.2"
source = { registry = "https://pypi.org/simple" }
sdist = { url = "https://files.pythonhosted.org/packages/54/ed/79a089b6be93607fa5cdaedf301d7dfb23af5f25c398d5ead2525b063e17/pyyaml-6.0.2.tar.gz", hash = "sha256:d584d9ec91ad65861cc08d42e834324ef890a082e591037abe114850ff7bbc3e", size = 130631, upload-time = "2024-08-06T20:33:50.674Z" }
wheels = [
    { url = "https://files.pythonhosted.org/packages/ef/e3/3af305b830494fa85d95f6d95ef7fa73f2ee1cc8ef5b495c7c3269fb835f/PyYAML-6.0.2-cp313-cp313-macosx_10_13_x86_64.whl", hash = "sha256:efdca5630322a10774e8e98e1af481aad470dd62c3170801852d752aa7a783ba", size = 181309, upload-time = "2024-08-06T20:32:43.4Z" },
    { url = "https://files.pythonhosted.org/packages/45/9f/3b1c20a0b7a3200524eb0076cc027a970d320bd3a6592873c85c92a08731/PyYAML-6.0.2-cp313-cp313-macosx_11_0_arm64.whl", hash = "sha256:50187695423ffe49e2deacb8cd10510bc361faac997de9efef88badc3bb9e2d1", size = 171679, upload-time = "2024-08-06T20:32:44.801Z" },
    { url = "https://files.pythonhosted.org/packages/7c/9a/337322f27005c33bcb656c655fa78325b730324c78620e8328ae28b64d0c/PyYAML-6.0.2-cp313-cp313-manylinux_2_17_aarch64.manylinux2014_aarch64.whl", hash = "sha256:0ffe8360bab4910ef1b9e87fb812d8bc0a308b0d0eef8c8f44e0254ab3b07133", size = 733428, upload-time = "2024-08-06T20:32:46.432Z" },
    { url = "https://files.pythonhosted.org/packages/a3/69/864fbe19e6c18ea3cc196cbe5d392175b4cf3d5d0ac1403ec3f2d237ebb5/PyYAML-6.0.2-cp313-cp313-manylinux_2_17_s390x.manylinux2014_s390x.whl", hash = "sha256:17e311b6c678207928d649faa7cb0d7b4c26a0ba73d41e99c4fff6b6c3276484", size = 763361, upload-time = "2024-08-06T20:32:51.188Z" },
    { url = "https://files.pythonhosted.org/packages/04/24/b7721e4845c2f162d26f50521b825fb061bc0a5afcf9a386840f23ea19fa/PyYAML-6.0.2-cp313-cp313-manylinux_2_17_x86_64.manylinux2014_x86_64.whl", hash = "sha256:70b189594dbe54f75ab3a1acec5f1e3faa7e8cf2f1e08d9b561cb41b845f69d5", size = 759523, upload-time = "2024-08-06T20:32:53.019Z" },
    { url = "https://files.pythonhosted.org/packages/2b/b2/e3234f59ba06559c6ff63c4e10baea10e5e7df868092bf9ab40e5b9c56b6/PyYAML-6.0.2-cp313-cp313-musllinux_1_1_aarch64.whl", hash = "sha256:41e4e3953a79407c794916fa277a82531dd93aad34e29c2a514c2c0c5fe971cc", size = 726660, upload-time = "2024-08-06T20:32:54.708Z" },
    { url = "https://files.pythonhosted.org/packages/fe/0f/25911a9f080464c59fab9027482f822b86bf0608957a5fcc6eaac85aa515/PyYAML-6.0.2-cp313-cp313-musllinux_1_1_x86_64.whl", hash = "sha256:68ccc6023a3400877818152ad9a1033e3db8625d899c72eacb5a668902e4d652", size = 751597, upload-time = "2024-08-06T20:32:56.985Z" },
    { url = "https://files.pythonhosted.org/packages/14/0d/e2c3b43bbce3cf6bd97c840b46088a3031085179e596d4929729d8d68270/PyYAML-6.0.2-cp313-cp313-win32.whl", hash = "sha256:bc2fa7c6b47d6bc618dd7fb02ef6fdedb1090ec036abab80d4681424b84c1183", size = 140527, upload-time = "2024-08-06T20:33:03.001Z" },
    { url = "https://files.pythonhosted.org/packages/fa/de/02b54f42487e3d3c6efb3f89428677074ca7bf43aae402517bc7cca949f3/PyYAML-6.0.2-cp313-cp313-win_amd64.whl", hash = "sha256:8388ee1976c416731879ac16da0aff3f63b286ffdd57cdeb95f3f2e085687563", size = 156446, upload-time = "2024-08-06T20:33:04.33Z" },
]

[[package]]
name = "requests"
version = "2.32.4"
source = { registry = "https://pypi.org/simple" }
dependencies = [
    { name = "certifi" },
    { name = "charset-normalizer" },
    { name = "idna" },
    { name = "urllib3" },
]
sdist = { url = "https://files.pythonhosted.org/packages/e1/0a/929373653770d8a0d7ea76c37de6e41f11eb07559b103b1c02cafb3f7cf8/requests-2.32.4.tar.gz", hash = "sha256:27d0316682c8a29834d3264820024b62a36942083d52caf2f14c0591336d3422", size = 135258, upload-time = "2025-06-09T16:43:07.34Z" }
wheels = [
    { url = "https://files.pythonhosted.org/packages/7c/e4/56027c4a6b4ae70ca9de302488c5ca95ad4a39e190093d6c1a8ace08341b/requests-2.32.4-py3-none-any.whl", hash = "sha256:27babd3cda2a6d50b30443204ee89830707d396671944c998b5975b031ac2b2c", size = 64847, upload-time = "2025-06-09T16:43:05.728Z" },
]

[[package]]
name = "tqdm"
version = "4.67.1"
source = { registry = "https://pypi.org/simple" }
dependencies = [
    { name = "colorama", marker = "sys_platform == 'win32'" },
]
sdist = { url = "https://files.pythonhosted.org/packages/a8/4b/29b4ef32e036bb34e4ab51796dd745cdba7ed47ad142a9f4a1eb8e0c744d/tqdm-4.67.1.tar.gz", hash = "sha256:f8aef9c52c08c13a65f30ea34f4e5aac3fd1a34959879d7e59e63027286627f2", size = 169737, upload-time = "2024-11-24T20:12:22.481Z" }
wheels = [
    { url = "https://files.pythonhosted.org/packages/d0/30/dc54f88dd4a2b5dc8a0279bdd7270e735851848b762aeb1c1184ed1f6b14/tqdm-4.67.1-py3-none-any.whl", hash = "sha256:26445eca388f82e72884e0d580d5464cd801a3ea01e63e5601bdff9ba6a48de2", size = 78540, upload-time = "2024-11-24T20:12:19.698Z" },
]

[[package]]
name = "typing-extensions"
version = "4.14.1"
source = { registry = "https://pypi.org/simple" }
sdist = { url = "https://files.pythonhosted.org/packages/98/5a/da40306b885cc8c09109dc2e1abd358d5684b1425678151cdaed4731c822/typing_extensions-4.14.1.tar.gz", hash = "sha256:38b39f4aeeab64884ce9f74c94263ef78f3c22467c8724005483154c26648d36", size = 107673, upload-time = "2025-07-04T13:28:34.16Z" }
wheels = [
    { url = "https://files.pythonhosted.org/packages/b5/00/d631e67a838026495268c2f6884f3711a15a9a2a96cd244fdaea53b823fb/typing_extensions-4.14.1-py3-none-any.whl", hash = "sha256:d1e1e3b58374dc93031d6eda2420a48ea44a36c2b4766a4fdeb3710755731d76", size = 43906, upload-time = "2025-07-04T13:28:32.743Z" },
]

[[package]]
name = "urllib3"
version = "2.5.0"
source = { registry = "https://pypi.org/simple" }
sdist = { url = "https://files.pythonhosted.org/packages/15/22/9ee70a2574a4f4599c47dd506532914ce044817c7752a79b6a51286319bc/urllib3-2.5.0.tar.gz", hash = "sha256:3fc47733c7e419d4bc3f6b3dc2b4f890bb743906a30d56ba4a5bfa4bbff92760", size = 393185, upload-time = "2025-06-18T14:07:41.644Z" }
wheels = [
    { url = "https://files.pythonhosted.org/packages/a7/c2/fe1e52489ae3122415c51f387e221dd0773709bad6c6cdaa599e8a2c5185/urllib3-2.5.0-py3-none-any.whl", hash = "sha256:e6b01673c0fa6a13e374b50871808eb3bf7046c4b125b216f6bf1cc604cff0dc", size = 129795, upload-time = "2025-06-18T14:07:40.39Z" },
]

[[package]]
name = "wikidata"
version = "0.1.0"
source = { virtual = "." }
dependencies = [
    { name = "huggingface-hub" },
    { name = "obstore" },
    { name = "orjson" },
    { name = "polars" },
    { name = "polars-permute" },
    { name = "tqdm" },
]

[package.metadata]
requires-dist = [
    { name = "huggingface-hub", specifier = ">=0.34.3" },
    { name = "obstore", specifier = ">=0.7.3" },
    { name = "orjson", specifier = ">=3.11.1" },
    { name = "polars", specifier = ">=1.32.0" },
    { name = "polars-permute", specifier = ">=0.1.3" },
    { name = "tqdm", specifier = ">=4.67.1" },
]
