version = 1
revision = 2
requires-python = ">=3.13"

[[package]]
name = "colorama"
version = "0.4.6"
source = { registry = "https://pypi.org/simple" }
sdist = { url = "https://files.pythonhosted.org/packages/d8/53/6f443c9a4a8358a93a6792e2acffb9d9d5cb0a5cfd8802644b7b1c9a02e4/colorama-0.4.6.tar.gz", hash = "sha256:08695f5cb7ed6e0531a20572697297273c47b8cae5a63ffc6d6ed5c201be6e44", size = 27697, upload-time = "2022-10-25T02:36:22.414Z" }
wheels = [
    { url = "https://files.pythonhosted.org/packages/d1/d6/3965ed04c63042e047cb6a3e6ed1a63a35087b6a609aa3a15ed8ac56c221/colorama-0.4.6-py2.py3-none-any.whl", hash = "sha256:4f1d9991f5acc0ca119f9d443620b77f9d6b33703e51011c16baf57afb285fc6", size = 25335, upload-time = "2022-10-25T02:36:20.889Z" },
]

[[package]]
name = "orjson"
version = "3.11.1"
source = { registry = "https://pypi.org/simple" }
sdist = { url = "https://files.pythonhosted.org/packages/19/3b/fd9ff8ff64ae3900f11554d5cfc835fb73e501e043c420ad32ec574fe27f/orjson-3.11.1.tar.gz", hash = "sha256:48d82770a5fd88778063604c566f9c7c71820270c9cc9338d25147cbf34afd96", size = 5393373, upload-time = "2025-07-25T14:33:52.898Z" }
wheels = [
    { url = "https://files.pythonhosted.org/packages/c9/e9/880ef869e6f66279ce3a381a32afa0f34e29a94250146911eee029e56efc/orjson-3.11.1-cp313-cp313-macosx_10_15_x86_64.macosx_11_0_arm64.macosx_10_15_universal2.whl", hash = "sha256:53cfefe4af059e65aabe9683f76b9c88bf34b4341a77d329227c2424e0e59b0e", size = 240835, upload-time = "2025-07-25T14:32:54.507Z" },
    { url = "https://files.pythonhosted.org/packages/f0/1f/52039ef3d03eeea21763b46bc99ebe11d9de8510c72b7b5569433084a17e/orjson-3.11.1-cp313-cp313-macosx_15_0_arm64.whl", hash = "sha256:93d5abed5a6f9e1b6f9b5bf6ed4423c11932b5447c2f7281d3b64e0f26c6d064", size = 129226, upload-time = "2025-07-25T14:32:55.908Z" },
    { url = "https://files.pythonhosted.org/packages/ee/da/59fdffc9465a760be2cd3764ef9cd5535eec8f095419f972fddb123b6d0e/orjson-3.11.1-cp313-cp313-manylinux_2_17_aarch64.manylinux2014_aarch64.whl", hash = "sha256:5dbf06642f3db2966df504944cdd0eb68ca2717f0353bb20b20acd78109374a6", size = 132261, upload-time = "2025-07-25T14:32:57.538Z" },
    { url = "https://files.pythonhosted.org/packages/bb/5c/8610911c7e969db7cf928c8baac4b2f1e68d314bc3057acf5ca64f758435/orjson-3.11.1-cp313-cp313-manylinux_2_17_armv7l.manylinux2014_armv7l.whl", hash = "sha256:dddf4e78747fa7f2188273f84562017a3c4f0824485b78372513c1681ea7a894", size = 128614, upload-time = "2025-07-25T14:32:58.808Z" },
    { url = "https://files.pythonhosted.org/packages/f7/a1/a1db9d4310d014c90f3b7e9b72c6fb162cba82c5f46d0b345669eaebdd3a/orjson-3.11.1-cp313-cp313-manylinux_2_17_i686.manylinux2014_i686.whl", hash = "sha256:fa3fe8653c9f57f0e16f008e43626485b6723b84b2f741f54d1258095b655912", size = 130968, upload-time = "2025-07-25T14:33:00.038Z" },
    { url = "https://files.pythonhosted.org/packages/56/ff/11acd1fd7c38ea7a1b5d6bf582ae3da05931bee64620995eb08fd63c77fe/orjson-3.11.1-cp313-cp313-manylinux_2_17_ppc64le.manylinux2014_ppc64le.whl", hash = "sha256:6334d2382aff975a61f6f4d1c3daf39368b887c7de08f7c16c58f485dcf7adb2", size = 132439, upload-time = "2025-07-25T14:33:01.354Z" },
    { url = "https://files.pythonhosted.org/packages/70/f9/bb564dd9450bf8725e034a8ad7f4ae9d4710a34caf63b85ce1c0c6d40af0/orjson-3.11.1-cp313-cp313-manylinux_2_17_s390x.manylinux2014_s390x.whl", hash = "sha256:a3d0855b643f259ee0cb76fe3df4c04483354409a520a902b067c674842eb6b8", size = 135299, upload-time = "2025-07-25T14:33:03.079Z" },
    { url = "https://files.pythonhosted.org/packages/94/bb/c8eafe6051405e241dda3691db4d9132d3c3462d1d10a17f50837dd130b4/orjson-3.11.1-cp313-cp313-manylinux_2_17_x86_64.manylinux2014_x86_64.whl", hash = "sha256:0eacdfeefd0a79987926476eb16e0245546bedeb8febbbbcf4b653e79257a8e4", size = 131004, upload-time = "2025-07-25T14:33:04.416Z" },
    { url = "https://files.pythonhosted.org/packages/a2/40/bed8d7dcf1bd2df8813bf010a25f645863a2f75e8e0ebdb2b55784cf1a62/orjson-3.11.1-cp313-cp313-musllinux_1_2_aarch64.whl", hash = "sha256:0ed07faf9e4873518c60480325dcbc16d17c59a165532cccfb409b4cdbaeff24", size = 130583, upload-time = "2025-07-25T14:33:05.768Z" },
    { url = "https://files.pythonhosted.org/packages/57/e7/cfa2eb803ad52d74fbb5424a429b5be164e51d23f1d853e5e037173a5c48/orjson-3.11.1-cp313-cp313-musllinux_1_2_armv7l.whl", hash = "sha256:d6d308dd578ae3658f62bb9eba54801533225823cd3248c902be1ebc79b5e014", size = 404218, upload-time = "2025-07-25T14:33:07.117Z" },
    { url = "https://files.pythonhosted.org/packages/d5/21/bc703af5bc6e9c7e18dcf4404dcc4ec305ab9bb6c82d3aee5952c0c56abf/orjson-3.11.1-cp313-cp313-musllinux_1_2_i686.whl", hash = "sha256:c4aa13ca959ba6b15c0a98d3d204b850f9dc36c08c9ce422ffb024eb30d6e058", size = 146605, upload-time = "2025-07-25T14:33:08.55Z" },
    { url = "https://files.pythonhosted.org/packages/8f/fe/d26a0150534c4965a06f556aa68bf3c3b82999d5d7b0facd3af7b390c4af/orjson-3.11.1-cp313-cp313-musllinux_1_2_x86_64.whl", hash = "sha256:be3d0653322abc9b68e5bcdaee6cfd58fcbe9973740ab222b87f4d687232ab1f", size = 135434, upload-time = "2025-07-25T14:33:09.967Z" },
    { url = "https://files.pythonhosted.org/packages/89/b6/1cb28365f08cbcffc464f8512320c6eb6db6a653f03d66de47ea3c19385f/orjson-3.11.1-cp313-cp313-win32.whl", hash = "sha256:4dd34e7e2518de8d7834268846f8cab7204364f427c56fb2251e098da86f5092", size = 136596, upload-time = "2025-07-25T14:33:11.333Z" },
    { url = "https://files.pythonhosted.org/packages/f9/35/7870d0d3ed843652676d84d8a6038791113eacc85237b673b925802826b8/orjson-3.11.1-cp313-cp313-win_amd64.whl", hash = "sha256:d6895d32032b6362540e6d0694b19130bb4f2ad04694002dce7d8af588ca5f77", size = 131319, upload-time = "2025-07-25T14:33:12.614Z" },
    { url = "https://files.pythonhosted.org/packages/b7/3e/5bcd50fd865eb664d4edfdaaaff51e333593ceb5695a22c0d0a0d2b187ba/orjson-3.11.1-cp313-cp313-win_arm64.whl", hash = "sha256:bb7c36d5d3570fcbb01d24fa447a21a7fe5a41141fd88e78f7994053cc4e28f4", size = 126613, upload-time = "2025-07-25T14:33:13.927Z" },
    { url = "https://files.pythonhosted.org/packages/61/d8/0a5cd31ed100b4e569e143cb0cddefc21f0bcb8ce284f44bca0bb0e10f3d/orjson-3.11.1-cp314-cp314-macosx_10_15_x86_64.macosx_11_0_arm64.macosx_10_15_universal2.whl", hash = "sha256:7b71ef394327b3d0b39f6ea7ade2ecda2731a56c6a7cbf0d6a7301203b92a89b", size = 240819, upload-time = "2025-07-25T14:33:15.223Z" },
    { url = "https://files.pythonhosted.org/packages/b9/95/7eb2c76c92192ceca16bc81845ff100bbb93f568b4b94d914b6a4da47d61/orjson-3.11.1-cp314-cp314-macosx_15_0_arm64.whl", hash = "sha256:77c0fe28ed659b62273995244ae2aa430e432c71f86e4573ab16caa2f2e3ca5e", size = 129218, upload-time = "2025-07-25T14:33:16.637Z" },
    { url = "https://files.pythonhosted.org/packages/da/84/e6b67f301b18adbbc346882f456bea44daebbd032ba725dbd7b741e3a7f1/orjson-3.11.1-cp314-cp314-manylinux_2_34_aarch64.whl", hash = "sha256:1495692f1f1ba2467df429343388a0ed259382835922e124c0cfdd56b3d1f727", size = 132238, upload-time = "2025-07-25T14:33:17.934Z" },
    { url = "https://files.pythonhosted.org/packages/84/78/a45a86e29d9b2f391f9d00b22da51bc4b46b86b788fd42df2c5fcf3e8005/orjson-3.11.1-cp314-cp314-manylinux_2_34_x86_64.whl", hash = "sha256:08c6a762fca63ca4dc04f66c48ea5d2428db55839fec996890e1bfaf057b658c", size = 130998, upload-time = "2025-07-25T14:33:19.282Z" },
    { url = "https://files.pythonhosted.org/packages/ea/8f/6eb3ee6760d93b2ce996a8529164ee1f5bafbdf64b74c7314b68db622b32/orjson-3.11.1-cp314-cp314-musllinux_1_2_aarch64.whl", hash = "sha256:9e26794fe3976810b2c01fda29bd9ac7c91a3c1284b29cc9a383989f7b614037", size = 130559, upload-time = "2025-07-25T14:33:20.589Z" },
    { url = "https://files.pythonhosted.org/packages/1b/78/9572ae94bdba6813917c9387e7834224c011ea6b4530ade07d718fd31598/orjson-3.11.1-cp314-cp314-musllinux_1_2_armv7l.whl", hash = "sha256:4b4b4f8f0b1d3ef8dc73e55363a0ffe012a42f4e2f1a140bf559698dca39b3fa", size = 404231, upload-time = "2025-07-25T14:33:22.019Z" },
    { url = "https://files.pythonhosted.org/packages/1f/a3/68381ad0757e084927c5ee6cfdeab1c6c89405949ee493db557e60871c4c/orjson-3.11.1-cp314-cp314-musllinux_1_2_i686.whl", hash = "sha256:848be553ea35aa89bfefbed2e27c8a41244c862956ab8ba00dc0b27e84fd58de", size = 146658, upload-time = "2025-07-25T14:33:23.675Z" },
    { url = "https://files.pythonhosted.org/packages/00/db/fac56acf77aab778296c3f541a3eec643266f28ecd71d6c0cba251e47655/orjson-3.11.1-cp314-cp314-musllinux_1_2_x86_64.whl", hash = "sha256:c964c29711a4b1df52f8d9966f015402a6cf87753a406c1c4405c407dd66fd45", size = 135443, upload-time = "2025-07-25T14:33:25.04Z" },
    { url = "https://files.pythonhosted.org/packages/76/b1/326fa4b87426197ead61c1eec2eeb3babc9eb33b480ac1f93894e40c8c08/orjson-3.11.1-cp314-cp314-win32.whl", hash = "sha256:33aada2e6b6bc9c540d396528b91e666cedb383740fee6e6a917f561b390ecb1", size = 136643, upload-time = "2025-07-25T14:33:26.449Z" },
    { url = "https://files.pythonhosted.org/packages/0f/8e/2987ae2109f3bfd39680f8a187d1bc09ad7f8fb019dcdc719b08c7242ade/orjson-3.11.1-cp314-cp314-win_amd64.whl", hash = "sha256:68e10fd804e44e36188b9952543e3fa22f5aa8394da1b5283ca2b423735c06e8", size = 131324, upload-time = "2025-07-25T14:33:27.896Z" },
    { url = "https://files.pythonhosted.org/packages/21/5f/253e08e6974752b124fbf3a4de3ad53baa766b0cb4a333d47706d307e396/orjson-3.11.1-cp314-cp314-win_arm64.whl", hash = "sha256:f3cf6c07f8b32127d836be8e1c55d4f34843f7df346536da768e9f73f22078a1", size = 126605, upload-time = "2025-07-25T14:33:29.244Z" },
]

[[package]]
name = "polars"
version = "1.32.0"
source = { registry = "https://pypi.org/simple" }
sdist = { url = "https://files.pythonhosted.org/packages/67/23/6a5f151981f3ac409bed6dc48a3eaecd0592a03eb382693d4c7e749eda8b/polars-1.32.0.tar.gz", hash = "sha256:b01045981c0f23eeccfbfc870b782f93e73b74b29212fdfc8aae0be9024bc1fb", size = 4761045, upload-time = "2025-08-01T01:43:22.413Z" }
wheels = [
    { url = "https://files.pythonhosted.org/packages/e2/40/5b27067d10b5a77ab4094932118e16629ffb20ea9ae5f7d1178e04087891/polars-1.32.0-cp39-abi3-macosx_10_12_x86_64.whl", hash = "sha256:94f7c6a3b30bc99bc6b682ea42bb1ae983e33a302ca21aacbac50ae19e34fcf2", size = 37479518, upload-time = "2025-08-01T01:42:18.603Z" },
    { url = "https://files.pythonhosted.org/packages/08/b7/ca28ac10d340fb91bffb2751efd52aebc9799ae161b867214c6299c8f75b/polars-1.32.0-cp39-abi3-macosx_11_0_arm64.whl", hash = "sha256:8bf14c16164839e62c741a863942a94a9a463db21e797452fca996c8afaf8827", size = 34214196, upload-time = "2025-08-01T01:42:22.667Z" },
    { url = "https://files.pythonhosted.org/packages/61/97/fe3797e8e1d4f9eadab32ffe218a841b8874585b6c9bd0f1a26469fb2992/polars-1.32.0-cp39-abi3-manylinux_2_17_x86_64.manylinux2014_x86_64.whl", hash = "sha256:f4c15adb97d44766d30c759f5cebbdb64d361e8349ef10b5afc7413f71bf4b72", size = 37985353, upload-time = "2025-08-01T01:42:26.033Z" },
    { url = "https://files.pythonhosted.org/packages/a0/7e/2baa2858556e970cc6a35c0d8ad34b2f9d982f1766c0a1fec20ca529a947/polars-1.32.0-cp39-abi3-manylinux_2_24_aarch64.whl", hash = "sha256:13af55890734f89b76016a395fb2e7460e7d9feecf50ed2f55cf0f05a1c0c991", size = 35183912, upload-time = "2025-08-01T01:42:30.446Z" },
    { url = "https://files.pythonhosted.org/packages/ef/41/0e6821dccc5871186a9b95af3990404aa283318263918d33ac974b35cb37/polars-1.32.0-cp39-abi3-win_amd64.whl", hash = "sha256:0397fc2501a5d5f1bb3fe8d27e0c26c7a5349b4110157c0fb7833cd3f5921c9e", size = 37747905, upload-time = "2025-08-01T01:42:33.975Z" },
    { url = "https://files.pythonhosted.org/packages/c2/93/d06df0817da93f922a67e27e9e0f407856991374daa62687e2a45a18935c/polars-1.32.0-cp39-abi3-win_arm64.whl", hash = "sha256:dd84e24422509e1ec9be46f67f758d0bd9944d1ae4eacecee4f53adaa8ecd822", size = 33978543, upload-time = "2025-08-01T01:42:36.779Z" },
]

[[package]]
name = "polars-permute"
version = "0.1.3"
source = { registry = "https://pypi.org/simple" }
sdist = { url = "https://files.pythonhosted.org/packages/6f/a9/a26aecf70d87af043869cfe694242bc0f854d1ea5fcee072ec1592e39602/polars_permute-0.1.3.tar.gz", hash = "sha256:cc4947b438f2569e92b2d3c460c6d6ab56a1758927011c7aa1ca48136fab41ad", size = 6016, upload-time = "2025-04-23T12:50:42.138Z" }
wheels = [
    { url = "https://files.pythonhosted.org/packages/68/09/33123e7119a8f969a129ac330209f9b9a448ab6309efd9f291d0806b6082/polars_permute-0.1.3-py3-none-any.whl", hash = "sha256:8d49431474d710354a9443e6b3e18ed2101c55c1fc40c1ab793c86bf518154f5", size = 4876, upload-time = "2025-04-23T12:50:40.771Z" },
]

[[package]]
name = "tqdm"
version = "4.67.1"
source = { registry = "https://pypi.org/simple" }
dependencies = [
    { name = "colorama", marker = "sys_platform == 'win32'" },
]
sdist = { url = "https://files.pythonhosted.org/packages/a8/4b/29b4ef32e036bb34e4ab51796dd745cdba7ed47ad142a9f4a1eb8e0c744d/tqdm-4.67.1.tar.gz", hash = "sha256:f8aef9c52c08c13a65f30ea34f4e5aac3fd1a34959879d7e59e63027286627f2", size = 169737, upload-time = "2024-11-24T20:12:22.481Z" }
wheels = [
    { url = "https://files.pythonhosted.org/packages/d0/30/dc54f88dd4a2b5dc8a0279bdd7270e735851848b762aeb1c1184ed1f6b14/tqdm-4.67.1-py3-none-any.whl", hash = "sha256:26445eca388f82e72884e0d580d5464cd801a3ea01e63e5601bdff9ba6a48de2", size = 78540, upload-time = "2024-11-24T20:12:19.698Z" },
]

[[package]]
name = "wikidata"
version = "0.1.0"
source = { virtual = "." }
dependencies = [
    { name = "orjson" },
    { name = "polars" },
    { name = "polars-permute" },
    { name = "tqdm" },
]

[package.metadata]
requires-dist = [
    { name = "orjson", specifier = ">=3.11.1" },
    { name = "polars", specifier = ">=1.32.0" },
    { name = "polars-permute", specifier = ">=0.1.3" },
    { name = "tqdm", specifier = ">=4.67.1" },
]
